
Microsoft Visual Studio Solution File, Format Version 12.00
# Visual Studio Version 17
VisualStudioVersion = 17.3.32825.248
MinimumVisualStudioVersion = 10.0.40219.1
Project("{FAE04EC0-301F-11D3-BF4B-00C04F79EFBC}") = "GroceryPro", "GroceryPro\GroceryPro.csproj", "{66F0EB66-6F4C-4D27-8488-9B2FF97F05B5}"
EndProject
Global
	GlobalSection(SolutionConfigurationPlatforms) = preSolution
		Debug|Any CPU = Debug|Any CPU
		Release|Any CPU = Release|Any CPU
	EndGlobalSection
	GlobalSection(ProjectConfigurationPlatforms) = postSolution
		{66F0EB66-6F4C-4D27-8488-9B2FF97F05B5}.Debug|Any CPU.ActiveCfg = Debug|Any CPU
		{66F0EB66-6F4C-4D27-8488-9B2FF97F05B5}.Debug|Any CPU.Build.0 = Debug|Any CPU
		{66F0EB66-6F4C-4D27-8488-9B2FF97F05B5}.Release|Any CPU.ActiveCfg = Release|Any CPU
		{66F0EB66-6F4C-4D27-8488-9B2FF97F05B5}.Release|Any CPU.Build.0 = Release|Any CPU
	EndGlobalSection
	GlobalSection(SolutionProperties) = preSolution
		HideSolutionNode = FALSE
	EndGlobalSection
	GlobalSection(ExtensibilityGlobals) = postSolution
		SolutionGuid = {6D512A19-314D-492B-9B44-827A346CBAEC}
	EndGlobalSection
EndGlobal
